<?xml version="1.0" encoding="utf-8"?>
<Project ToolsVersion="4.0" xmlns="http://schemas.microsoft.com/developer/msbuild/2003">
  <ItemGroup>
    <Filter Include="源文件">
      <UniqueIdentifier>{4FC737F1-C7A5-4376-A066-2A32D752A2FF}</UniqueIdentifier>
      <Extensions>cpp;c;cc;cxx;c++;cppm;ixx;def;odl;idl;hpj;bat;asm;asmx</Extensions>
    </Filter>
    <Filter Include="头文件">
      <UniqueIdentifier>{93995380-89BD-4b04-88EB-625FBE52EBFB}</UniqueIdentifier>
      <Extensions>h;hh;hpp;hxx;h++;hm;inl;inc;ipp;xsd</Extensions>
    </Filter>
    <Filter Include="资源文件">
      <UniqueIdentifier>{67DA6AB6-F800-4c08-8B7A-83BB121AAD01}</UniqueIdentifier>
      <Extensions>rc;ico;cur;bmp;dlg;rc2;rct;bin;rgs;gif;jpg;jpeg;jpe;resx;tiff;tif;png;wav;mfcribbon-ms</Extensions>
    </Filter>
  </ItemGroup>
  <ItemGroup>
    <ClCompile Include="Code\OpenGL.cpp">
      <Filter>源文件</Filter>
    </ClCompile>
    <ClCompile Include="Code\YYShader.cpp">
      <Filter>源文件</Filter>
    </ClCompile>
    <ClCompile Include="Code\YYModelManager.cpp">
      <Filter>源文件</Filter>
    </ClCompile>
    <ClCompile Include="Code\YYModel.cpp">
      <Filter>源文件</Filter>
    </ClCompile>
    <ClCompile Include="Includes\GLAD\src\glad.c">
      <Filter>源文件</Filter>
    </ClCompile>
    <ClCompile Include="Code\YYMesh.cpp">
      <Filter>源文件</Filter>
    </ClCompile>
    <ClCompile Include="Code\Component\Light\DirLightComponent.cpp">
      <Filter>源文件</Filter>
    </ClCompile>
    <ClCompile Include="Code\Component\Light\LightBaseComponent.cpp">
      <Filter>源文件</Filter>
    </ClCompile>
    <ClCompile Include="Code\Actor\Actor.cpp">
      <Filter>源文件</Filter>
    </ClCompile>
    <ClCompile Include="Code\Component\Component.cpp">
      <Filter>源文件</Filter>
    </ClCompile>
    <ClCompile Include="Code\Actor\DirLight.cpp">
      <Filter>源文件</Filter>
    </ClCompile>
    <ClCompile Include="Code\Manager\LightManager.cpp">
      <Filter>源文件</Filter>
    </ClCompile>
    <ClCompile Include="Code\Component\Light\PointLightComponent.cpp">
      <Filter>源文件</Filter>
    </ClCompile>
    <ClCompile Include="Code\Component\Light\SpotLightComponent.cpp">
      <Filter>源文件</Filter>
    </ClCompile>
    <ClCompile Include="Code\Component\SceneComponent.cpp">
      <Filter>源文件</Filter>
    </ClCompile>
    <ClCompile Include="Code\Component\MeshComponent.cpp">
      <Filter>源文件</Filter>
    </ClCompile>
    <ClCompile Include="Code\Actor\PointLight.cpp">
      <Filter>源文件</Filter>
    </ClCompile>
    <ClCompile Include="Code\Actor\SpotLight.cpp">
      <Filter>源文件</Filter>
    </ClCompile>
    <ClCompile Include="Code\YYCamera.cpp">
      <Filter>源文件</Filter>
    </ClCompile>
    <ClCompile Include="Code\GameInstance.cpp">
      <Filter>源文件</Filter>
    </ClCompile>
  </ItemGroup>
  <ItemGroup>
    <ClInclude Include="Code\YYShader.h">
      <Filter>头文件</Filter>
    </ClInclude>
    <ClInclude Include="Code\stb_image.h">
      <Filter>头文件</Filter>
    </ClInclude>
    <ClInclude Include="Code\YYCamera.h">
      <Filter>头文件</Filter>
    </ClInclude>
    <ClInclude Include="Code\YYWindow.h">
      <Filter>头文件</Filter>
    </ClInclude>
    <ClInclude Include="Code\YYModelManager.h">
      <Filter>头文件</Filter>
    </ClInclude>
    <ClInclude Include="Code\YYModel.h">
      <Filter>头文件</Filter>
    </ClInclude>
    <ClInclude Include="Includes\GLAD\include\glad\glad.h">
      <Filter>头文件</Filter>
    </ClInclude>
    <ClInclude Include="Includes\GLAD\include\KHR\khrplatform.h">
      <Filter>头文件</Filter>
    </ClInclude>
    <ClInclude Include="Code\YYMesh.h">
      <Filter>头文件</Filter>
    </ClInclude>
    <ClInclude Include="Code\Component\Light\DirLightComponent.h">
      <Filter>头文件</Filter>
    </ClInclude>
    <ClInclude Include="Code\Component\Light\LightBaseComponent.h">
      <Filter>头文件</Filter>
    </ClInclude>
    <ClInclude Include="Code\Actor\Actor.h">
      <Filter>头文件</Filter>
    </ClInclude>
    <ClInclude Include="Code\Component\Component.h">
      <Filter>头文件</Filter>
    </ClInclude>
    <ClInclude Include="Code\Actor\DirLight.h">
      <Filter>头文件</Filter>
    </ClInclude>
    <ClInclude Include="Code\Manager\LightManager.h">
      <Filter>头文件</Filter>
    </ClInclude>
    <ClInclude Include="Code\Component\Light\PointLightComponent.h">
      <Filter>头文件</Filter>
    </ClInclude>
    <ClInclude Include="Code\Component\Light\SpotLightComponent.h">
      <Filter>头文件</Filter>
    </ClInclude>
    <ClInclude Include="Code\Component\SceneComponent.h">
      <Filter>头文件</Filter>
    </ClInclude>
    <ClInclude Include="Code\Component\MeshComponent.h">
      <Filter>头文件</Filter>
    </ClInclude>
    <ClInclude Include="Code\Actor\PointLight.h">
      <Filter>头文件</Filter>
    </ClInclude>
    <ClInclude Include="Code\Actor\SpotLight.h">
      <Filter>头文件</Filter>
    </ClInclude>
    <ClInclude Include="Code\GameInstance.h">
      <Filter>头文件</Filter>
    </ClInclude>
  </ItemGroup>
</Project>